
Microsoft Visual Studio Solution File, Format Version 12.00
# Visual Studio Version 16
VisualStudioVersion = 16.0.30413.136
MinimumVisualStudioVersion = 10.0.40219.1
Project("{FAE04EC0-301F-11D3-BF4B-00C04F79EFBC}") = "Math", "Math\Math.csproj", "{3BE5ADA2-7673-48E4-A9F9-A38342265862}"
EndProject
Project("{FAE04EC0-301F-11D3-BF4B-00C04F79EFBC}") = "MathTests", "MathTests\MathTests.csproj", "{D2A54382-E466-4DD6-BE59-5D7F18C73CB6}"
EndProject
Global
	GlobalSection(SolutionConfigurationPlatforms) = preSolution
		Debug|Any CPU = Debug|Any CPU
		Release|Any CPU = Release|Any CPU
	EndGlobalSection
	GlobalSection(ProjectConfigurationPlatforms) = postSolution
		{3BE5ADA2-7673-48E4-A9F9-A38342265862}.Debug|Any CPU.ActiveCfg = Debug|Any CPU
		{3BE5ADA2-7673-48E4-A9F9-A38342265862}.Debug|Any CPU.Build.0 = Debug|Any CPU
		{3BE5ADA2-7673-48E4-A9F9-A38342265862}.Release|Any CPU.ActiveCfg = Release|Any CPU
		{3BE5ADA2-7673-48E4-A9F9-A38342265862}.Release|Any CPU.Build.0 = Release|Any CPU
		{D2A54382-E466-4DD6-BE59-5D7F18C73CB6}.Debug|Any CPU.ActiveCfg = Debug|Any CPU
		{D2A54382-E466-4DD6-BE59-5D7F18C73CB6}.Debug|Any CPU.Build.0 = Debug|Any CPU
		{D2A54382-E466-4DD6-BE59-5D7F18C73CB6}.Release|Any CPU.ActiveCfg = Release|Any CPU
		{D2A54382-E466-4DD6-BE59-5D7F18C73CB6}.Release|Any CPU.Build.0 = Release|Any CPU
	EndGlobalSection
	GlobalSection(SolutionProperties) = preSolution
		HideSolutionNode = FALSE
	EndGlobalSection
	GlobalSection(ExtensibilityGlobals) = postSolution
		SolutionGuid = {14EC9F20-094D-4FA7-BB28-6081991FD305}
	EndGlobalSection
EndGlobal
